
Microsoft Visual Studio Solution File, Format Version 12.00
# Visual Studio Version 17
VisualStudioVersion = 17.9.34518.117
MinimumVisualStudioVersion = 10.0.40219.1
Project("{9A19103F-16F7-4668-BE54-9A1E7A4F7556}") = "MomsNest", "MomsNest\MomsNest.csproj", "{6AED9BF9-8746-4667-9153-D19377534623}"
EndProject
Project("{9A19103F-16F7-4668-BE54-9A1E7A4F7556}") = "MomsNest.DataAccess", "MomsNest.DataAccess\MomsNest.DataAccess.csproj", "{434D50D2-9A41-456F-BF0F-547A1CAB7BF0}"
EndProject
Project("{9A19103F-16F7-4668-BE54-9A1E7A4F7556}") = "MomsNest.Models", "MomsNest.Models\MomsNest.Models.csproj", "{51730A99-7C4E-49E7-BD2F-665767715032}"
EndProject
Project("{9A19103F-16F7-4668-BE54-9A1E7A4F7556}") = "Utilities", "Utilities\Utilities.csproj", "{745BD3FC-336A-48C4-B73E-11221BDF885D}"
EndProject
Global
	GlobalSection(SolutionConfigurationPlatforms) = preSolution
		Debug|Any CPU = Debug|Any CPU
		Release|Any CPU = Release|Any CPU
	EndGlobalSection
	GlobalSection(ProjectConfigurationPlatforms) = postSolution
		{6AED9BF9-8746-4667-9153-D19377534623}.Debug|Any CPU.ActiveCfg = Debug|Any CPU
		{6AED9BF9-8746-4667-9153-D19377534623}.Debug|Any CPU.Build.0 = Debug|Any CPU
		{6AED9BF9-8746-4667-9153-D19377534623}.Release|Any CPU.ActiveCfg = Release|Any CPU
		{6AED9BF9-8746-4667-9153-D19377534623}.Release|Any CPU.Build.0 = Release|Any CPU
		{434D50D2-9A41-456F-BF0F-547A1CAB7BF0}.Debug|Any CPU.ActiveCfg = Debug|Any CPU
		{434D50D2-9A41-456F-BF0F-547A1CAB7BF0}.Debug|Any CPU.Build.0 = Debug|Any CPU
		{434D50D2-9A41-456F-BF0F-547A1CAB7BF0}.Release|Any CPU.ActiveCfg = Release|Any CPU
		{434D50D2-9A41-456F-BF0F-547A1CAB7BF0}.Release|Any CPU.Build.0 = Release|Any CPU
		{51730A99-7C4E-49E7-BD2F-665767715032}.Debug|Any CPU.ActiveCfg = Debug|Any CPU
		{51730A99-7C4E-49E7-BD2F-665767715032}.Debug|Any CPU.Build.0 = Debug|Any CPU
		{51730A99-7C4E-49E7-BD2F-665767715032}.Release|Any CPU.ActiveCfg = Release|Any CPU
		{51730A99-7C4E-49E7-BD2F-665767715032}.Release|Any CPU.Build.0 = Release|Any CPU
		{745BD3FC-336A-48C4-B73E-11221BDF885D}.Debug|Any CPU.ActiveCfg = Debug|Any CPU
		{745BD3FC-336A-48C4-B73E-11221BDF885D}.Debug|Any CPU.Build.0 = Debug|Any CPU
		{745BD3FC-336A-48C4-B73E-11221BDF885D}.Release|Any CPU.ActiveCfg = Release|Any CPU
		{745BD3FC-336A-48C4-B73E-11221BDF885D}.Release|Any CPU.Build.0 = Release|Any CPU
	EndGlobalSection
	GlobalSection(SolutionProperties) = preSolution
		HideSolutionNode = FALSE
	EndGlobalSection
	GlobalSection(ExtensibilityGlobals) = postSolution
		SolutionGuid = {77F59E73-821D-4F64-B1DC-001BE823BC15}
	EndGlobalSection
EndGlobal
